
Microsoft Visual Studio Solution File, Format Version 12.00
# Visual Studio Version 16
VisualStudioVersion = 16.0.31105.61
MinimumVisualStudioVersion = 10.0.40219.1
Project("{2150E333-8FDC-42A3-9474-1A3956D46DE8}") = "1 - Application", "1 - Application", "{6BF123E5-5CFF-4DD6-954A-18F979C39E06}"
EndProject
Project("{2150E333-8FDC-42A3-9474-1A3956D46DE8}") = "2 - Domain", "2 - Domain", "{C482C542-2110-466B-92DB-E8D27B6146B9}"
EndProject
Project("{2150E333-8FDC-42A3-9474-1A3956D46DE8}") = "3 - Service", "3 - Service", "{59A61B1D-F9B0-4252-96EF-7BF1E195670F}"
EndProject
Project("{2150E333-8FDC-42A3-9474-1A3956D46DE8}") = "4 - Infra", "4 - Infra", "{DEC36ED1-FA06-46E9-B9A8-BF882B5F4158}"
EndProject
Project("{2150E333-8FDC-42A3-9474-1A3956D46DE8}") = "4.1 - Data", "4.1 - Data", "{3BAA493C-B6B1-41E1-BE0A-082F91B773B7}"
EndProject
Project("{2150E333-8FDC-42A3-9474-1A3956D46DE8}") = "4.2 - CrossCutting", "4.2 - CrossCutting", "{9B678A47-9142-49C0-82DD-312218678E54}"
EndProject
Project("{9A19103F-16F7-4668-BE54-9A1E7A4F7556}") = "PrDDD.WebApi", "src\PrDDD.WebApi\PrDDD.WebApi.csproj", "{44603FE1-7FD8-4B10-AA27-B80AC41EB5A3}"
EndProject
Project("{9A19103F-16F7-4668-BE54-9A1E7A4F7556}") = "PrDDD.Domain", "src\PrDDD.Domain\PrDDD.Domain.csproj", "{D4EF5A5D-F1BC-41AE-AF75-E6F90F7D4427}"
EndProject
Project("{9A19103F-16F7-4668-BE54-9A1E7A4F7556}") = "PrDDD.Service", "src\PrDDD.Service\PrDDD.Service.csproj", "{DAF5FEB7-3DF1-44AC-A843-1135292E9FE8}"
EndProject
Project("{9A19103F-16F7-4668-BE54-9A1E7A4F7556}") = "PrDDD.Infra.Data", "src\PrDDD.Infra.Data\PrDDD.Infra.Data.csproj", "{ECFB9CDF-68F6-4B19-90BB-D11B57D61E9C}"
EndProject
Project("{9A19103F-16F7-4668-BE54-9A1E7A4F7556}") = "PrDDD.Infra.CrossCutting", "src\PrDDD.Infra.CrossCutting\PrDDD.Infra.CrossCutting.csproj", "{A9EE7D3C-0749-4299-ADBE-D65865B1575B}"
EndProject
Project("{2150E333-8FDC-42A3-9474-1A3956D46DE8}") = "src", "src", "{1AF08CEF-E931-4D54-AE81-C3A16C02F058}"
EndProject
Global
	GlobalSection(SolutionConfigurationPlatforms) = preSolution
		Debug|Any CPU = Debug|Any CPU
		Release|Any CPU = Release|Any CPU
	EndGlobalSection
	GlobalSection(ProjectConfigurationPlatforms) = postSolution
		{44603FE1-7FD8-4B10-AA27-B80AC41EB5A3}.Debug|Any CPU.ActiveCfg = Debug|Any CPU
		{44603FE1-7FD8-4B10-AA27-B80AC41EB5A3}.Debug|Any CPU.Build.0 = Debug|Any CPU
		{44603FE1-7FD8-4B10-AA27-B80AC41EB5A3}.Release|Any CPU.ActiveCfg = Release|Any CPU
		{44603FE1-7FD8-4B10-AA27-B80AC41EB5A3}.Release|Any CPU.Build.0 = Release|Any CPU
		{D4EF5A5D-F1BC-41AE-AF75-E6F90F7D4427}.Debug|Any CPU.ActiveCfg = Debug|Any CPU
		{D4EF5A5D-F1BC-41AE-AF75-E6F90F7D4427}.Debug|Any CPU.Build.0 = Debug|Any CPU
		{D4EF5A5D-F1BC-41AE-AF75-E6F90F7D4427}.Release|Any CPU.ActiveCfg = Release|Any CPU
		{D4EF5A5D-F1BC-41AE-AF75-E6F90F7D4427}.Release|Any CPU.Build.0 = Release|Any CPU
		{DAF5FEB7-3DF1-44AC-A843-1135292E9FE8}.Debug|Any CPU.ActiveCfg = Debug|Any CPU
		{DAF5FEB7-3DF1-44AC-A843-1135292E9FE8}.Debug|Any CPU.Build.0 = Debug|Any CPU
		{DAF5FEB7-3DF1-44AC-A843-1135292E9FE8}.Release|Any CPU.ActiveCfg = Release|Any CPU
		{DAF5FEB7-3DF1-44AC-A843-1135292E9FE8}.Release|Any CPU.Build.0 = Release|Any CPU
		{ECFB9CDF-68F6-4B19-90BB-D11B57D61E9C}.Debug|Any CPU.ActiveCfg = Debug|Any CPU
		{ECFB9CDF-68F6-4B19-90BB-D11B57D61E9C}.Debug|Any CPU.Build.0 = Debug|Any CPU
		{ECFB9CDF-68F6-4B19-90BB-D11B57D61E9C}.Release|Any CPU.ActiveCfg = Release|Any CPU
		{ECFB9CDF-68F6-4B19-90BB-D11B57D61E9C}.Release|Any CPU.Build.0 = Release|Any CPU
		{A9EE7D3C-0749-4299-ADBE-D65865B1575B}.Debug|Any CPU.ActiveCfg = Debug|Any CPU
		{A9EE7D3C-0749-4299-ADBE-D65865B1575B}.Debug|Any CPU.Build.0 = Debug|Any CPU
		{A9EE7D3C-0749-4299-ADBE-D65865B1575B}.Release|Any CPU.ActiveCfg = Release|Any CPU
		{A9EE7D3C-0749-4299-ADBE-D65865B1575B}.Release|Any CPU.Build.0 = Release|Any CPU
	EndGlobalSection
	GlobalSection(SolutionProperties) = preSolution
		HideSolutionNode = FALSE
	EndGlobalSection
	GlobalSection(NestedProjects) = preSolution
		{6BF123E5-5CFF-4DD6-954A-18F979C39E06} = {1AF08CEF-E931-4D54-AE81-C3A16C02F058}
		{C482C542-2110-466B-92DB-E8D27B6146B9} = {1AF08CEF-E931-4D54-AE81-C3A16C02F058}
		{59A61B1D-F9B0-4252-96EF-7BF1E195670F} = {1AF08CEF-E931-4D54-AE81-C3A16C02F058}
		{DEC36ED1-FA06-46E9-B9A8-BF882B5F4158} = {1AF08CEF-E931-4D54-AE81-C3A16C02F058}
		{3BAA493C-B6B1-41E1-BE0A-082F91B773B7} = {DEC36ED1-FA06-46E9-B9A8-BF882B5F4158}
		{9B678A47-9142-49C0-82DD-312218678E54} = {DEC36ED1-FA06-46E9-B9A8-BF882B5F4158}
		{44603FE1-7FD8-4B10-AA27-B80AC41EB5A3} = {6BF123E5-5CFF-4DD6-954A-18F979C39E06}
		{D4EF5A5D-F1BC-41AE-AF75-E6F90F7D4427} = {C482C542-2110-466B-92DB-E8D27B6146B9}
		{DAF5FEB7-3DF1-44AC-A843-1135292E9FE8} = {59A61B1D-F9B0-4252-96EF-7BF1E195670F}
		{ECFB9CDF-68F6-4B19-90BB-D11B57D61E9C} = {3BAA493C-B6B1-41E1-BE0A-082F91B773B7}
		{A9EE7D3C-0749-4299-ADBE-D65865B1575B} = {9B678A47-9142-49C0-82DD-312218678E54}
	EndGlobalSection
	GlobalSection(ExtensibilityGlobals) = postSolution
		SolutionGuid = {E12548CC-DF2A-4C5A-AA60-35C479B1B4E6}
	EndGlobalSection
EndGlobal
